// !$*UTF8*$!
{
	archiveVersion = 1;
	classes = {
	};
	objectVersion = 56;
	objects = {

/* Begin PBXBuildFile section */
		B07126F52AA9CB4A000CFA5C /* MainView.swift in Sources */ = {isa = PBXBuildFile; fileRef = B07126F42AA9CB4A000CFA5C /* MainView.swift */; };
		B07126F72AA9CE56000CFA5C /* AlarmView.swift in Sources */ = {isa = PBXBuildFile; fileRef = B07126F62AA9CE56000CFA5C /* AlarmView.swift */; };
		B07126FA2AA9E57B000CFA5C /* AddAlarmView.swift in Sources */ = {isa = PBXBuildFile; fileRef = B07126F92AA9E57B000CFA5C /* AddAlarmView.swift */; };
		B07126FD2AAA101D000CFA5C /* TimerView.swift in Sources */ = {isa = PBXBuildFile; fileRef = B07126FC2AAA101D000CFA5C /* TimerView.swift */; };
		B08E99292A9E0A7A0004AF52 /* Clock_AppApp.swift in Sources */ = {isa = PBXBuildFile; fileRef = B08E99282A9E0A7A0004AF52 /* Clock_AppApp.swift */; };
		B08E992B2A9E0A7A0004AF52 /* StopwatchView.swift in Sources */ = {isa = PBXBuildFile; fileRef = B08E992A2A9E0A7A0004AF52 /* StopwatchView.swift */; };
		B08E992D2A9E0A7C0004AF52 /* Assets.xcassets in Resources */ = {isa = PBXBuildFile; fileRef = B08E992C2A9E0A7C0004AF52 /* Assets.xcassets */; };
		B08E99302A9E0A7C0004AF52 /* Preview Assets.xcassets in Resources */ = {isa = PBXBuildFile; fileRef = B08E992F2A9E0A7C0004AF52 /* Preview Assets.xcassets */; };
		B08E993A2A9E0A7D0004AF52 /* Clock_AppTests.swift in Sources */ = {isa = PBXBuildFile; fileRef = B08E99392A9E0A7D0004AF52 /* Clock_AppTests.swift */; };
		B08E99442A9E0A7D0004AF52 /* Clock_AppUITests.swift in Sources */ = {isa = PBXBuildFile; fileRef = B08E99432A9E0A7D0004AF52 /* Clock_AppUITests.swift */; };
		B08E99462A9E0A7D0004AF52 /* Clock_AppUITestsLaunchTests.swift in Sources */ = {isa = PBXBuildFile; fileRef = B08E99452A9E0A7D0004AF52 /* Clock_AppUITestsLaunchTests.swift */; };
/* End PBXBuildFile section */

/* Begin PBXContainerItemProxy section */
		B08E99362A9E0A7D0004AF52 /* PBXContainerItemProxy */ = {
			isa = PBXContainerItemProxy;
			containerPortal = B08E991D2A9E0A790004AF52 /* Project object */;
			proxyType = 1;
			remoteGlobalIDString = B08E99242A9E0A7A0004AF52;
			remoteInfo = "Clock App";
		};
		B08E99402A9E0A7D0004AF52 /* PBXContainerItemProxy */ = {
			isa = PBXContainerItemProxy;
			containerPortal = B08E991D2A9E0A790004AF52 /* Project object */;
			proxyType = 1;
			remoteGlobalIDString = B08E99242A9E0A7A0004AF52;
			remoteInfo = "Clock App";
		};
/* End PBXContainerItemProxy section */

/* Begin PBXFileReference section */
		B07126F42AA9CB4A000CFA5C /* MainView.swift */ = {isa = PBXFileReference; lastKnownFileType = sourcecode.swift; path = MainView.swift; sourceTree = "<group>"; };
		B07126F62AA9CE56000CFA5C /* AlarmView.swift */ = {isa = PBXFileReference; lastKnownFileType = sourcecode.swift; path = AlarmView.swift; sourceTree = "<group>"; };
		B07126F92AA9E57B000CFA5C /* AddAlarmView.swift */ = {isa = PBXFileReference; lastKnownFileType = sourcecode.swift; path = AddAlarmView.swift; sourceTree = "<group>"; };
		B07126FC2AAA101D000CFA5C /* TimerView.swift */ = {isa = PBXFileReference; lastKnownFileType = sourcecode.swift; path = TimerView.swift; sourceTree = "<group>"; };
		B08E99252A9E0A7A0004AF52 /* Clock App.app */ = {isa = PBXFileReference; explicitFileType = wrapper.application; includeInIndex = 0; path = "Clock App.app"; sourceTree = BUILT_PRODUCTS_DIR; };
		B08E99282A9E0A7A0004AF52 /* Clock_AppApp.swift */ = {isa = PBXFileReference; lastKnownFileType = sourcecode.swift; path = Clock_AppApp.swift; sourceTree = "<group>"; };
		B08E992A2A9E0A7A0004AF52 /* StopwatchView.swift */ = {isa = PBXFileReference; lastKnownFileType = sourcecode.swift; path = StopwatchView.swift; sourceTree = "<group>"; };
		B08E992C2A9E0A7C0004AF52 /* Assets.xcassets */ = {isa = PBXFileReference; lastKnownFileType = folder.assetcatalog; path = Assets.xcassets; sourceTree = "<group>"; };
		B08E992F2A9E0A7C0004AF52 /* Preview Assets.xcassets */ = {isa = PBXFileReference; lastKnownFileType = folder.assetcatalog; path = "Preview Assets.xcassets"; sourceTree = "<group>"; };
		B08E99352A9E0A7D0004AF52 /* Clock AppTests.xctest */ = {isa = PBXFileReference; explicitFileType = wrapper.cfbundle; includeInIndex = 0; path = "Clock AppTests.xctest"; sourceTree = BUILT_PRODUCTS_DIR; };
		B08E99392A9E0A7D0004AF52 /* Clock_AppTests.swift */ = {isa = PBXFileReference; lastKnownFileType = sourcecode.swift; path = Clock_AppTests.swift; sourceTree = "<group>"; };
		B08E993F2A9E0A7D0004AF52 /* Clock AppUITests.xctest */ = {isa = PBXFileReference; explicitFileType = wrapper.cfbundle; includeInIndex = 0; path = "Clock AppUITests.xctest"; sourceTree = BUILT_PRODUCTS_DIR; };
		B08E99432A9E0A7D0004AF52 /* Clock_AppUITests.swift */ = {isa = PBXFileReference; lastKnownFileType = sourcecode.swift; path = Clock_AppUITests.swift; sourceTree = "<group>"; };
		B08E99452A9E0A7D0004AF52 /* Clock_AppUITestsLaunchTests.swift */ = {isa = PBXFileReference; lastKnownFileType = sourcecode.swift; path = Clock_AppUITestsLaunchTests.swift; sourceTree = "<group>"; };
/* End PBXFileReference section */

/* Begin PBXFrameworksBuildPhase section */
		B08E99222A9E0A7A0004AF52 /* Frameworks */ = {
			isa = PBXFrameworksBuildPhase;
			buildActionMask = 2147483647;
			files = (
			);
			runOnlyForDeploymentPostprocessing = 0;
		};
		B08E99322A9E0A7D0004AF52 /* Frameworks */ = {
			isa = PBXFrameworksBuildPhase;
			buildActionMask = 2147483647;
			files = (
			);
			runOnlyForDeploymentPostprocessing = 0;
		};
		B08E993C2A9E0A7D0004AF52 /* Frameworks */ = {
			isa = PBXFrameworksBuildPhase;
			buildActionMask = 2147483647;
			files = (
			);
			runOnlyForDeploymentPostprocessing = 0;
		};
/* End PBXFrameworksBuildPhase section */

/* Begin PBXGroup section */
		B07126F32AA9CAC3000CFA5C /* Stopwatch */ = {
			isa = PBXGroup;
			children = (
				B08E992A2A9E0A7A0004AF52 /* StopwatchView.swift */,
			);
			path = Stopwatch;
			sourceTree = "<group>";
		};
		B07126F82AA9CF1B000CFA5C /* Alarm */ = {
			isa = PBXGroup;
			children = (
				B07126F62AA9CE56000CFA5C /* AlarmView.swift */,
				B07126F92AA9E57B000CFA5C /* AddAlarmView.swift */,
			);
			path = Alarm;
			sourceTree = "<group>";
		};
		B07126FB2AAA0FC2000CFA5C /* Timer */ = {
			isa = PBXGroup;
			children = (
				B07126FC2AAA101D000CFA5C /* TimerView.swift */,
			);
			path = Timer;
			sourceTree = "<group>";
		};
		B08E991C2A9E0A790004AF52 = {
			isa = PBXGroup;
			children = (
				B08E99272A9E0A7A0004AF52 /* Clock App */,
				B08E99382A9E0A7D0004AF52 /* Clock AppTests */,
				B08E99422A9E0A7D0004AF52 /* Clock AppUITests */,
				B08E99262A9E0A7A0004AF52 /* Products */,
			);
			sourceTree = "<group>";
		};
		B08E99262A9E0A7A0004AF52 /* Products */ = {
			isa = PBXGroup;
			children = (
				B08E99252A9E0A7A0004AF52 /* Clock App.app */,
				B08E99352A9E0A7D0004AF52 /* Clock AppTests.xctest */,
				B08E993F2A9E0A7D0004AF52 /* Clock AppUITests.xctest */,
			);
			name = Products;
			sourceTree = "<group>";
		};
		B08E99272A9E0A7A0004AF52 /* Clock App */ = {
			isa = PBXGroup;
			children = (
				B08E99282A9E0A7A0004AF52 /* Clock_AppApp.swift */,
				B07126F42AA9CB4A000CFA5C /* MainView.swift */,
				B07126F32AA9CAC3000CFA5C /* Stopwatch */,
				B07126F82AA9CF1B000CFA5C /* Alarm */,
				B07126FB2AAA0FC2000CFA5C /* Timer */,
				B08E992C2A9E0A7C0004AF52 /* Assets.xcassets */,
				B08E992E2A9E0A7C0004AF52 /* Preview Content */,
			);
			path = "Clock App";
			sourceTree = "<group>";
		};
		B08E992E2A9E0A7C0004AF52 /* Preview Content */ = {
			isa = PBXGroup;
			children = (
				B08E992F2A9E0A7C0004AF52 /* Preview Assets.xcassets */,
			);
			path = "Preview Content";
			sourceTree = "<group>";
		};
		B08E99382A9E0A7D0004AF52 /* Clock AppTests */ = {
			isa = PBXGroup;
			children = (
				B08E99392A9E0A7D0004AF52 /* Clock_AppTests.swift */,
			);
			path = "Clock AppTests";
			sourceTree = "<group>";
		};
		B08E99422A9E0A7D0004AF52 /* Clock AppUITests */ = {
			isa = PBXGroup;
			children = (
				B08E99432A9E0A7D0004AF52 /* Clock_AppUITests.swift */,
				B08E99452A9E0A7D0004AF52 /* Clock_AppUITestsLaunchTests.swift */,
			);
			path = "Clock AppUITests";
			sourceTree = "<group>";
		};
/* End PBXGroup section */

/* Begin PBXNativeTarget section */
		B08E99242A9E0A7A0004AF52 /* Clock App */ = {
			isa = PBXNativeTarget;
			buildConfigurationList = B08E99492A9E0A7D0004AF52 /* Build configuration list for PBXNativeTarget "Clock App" */;
			buildPhases = (
				B08E99212A9E0A7A0004AF52 /* Sources */,
				B08E99222A9E0A7A0004AF52 /* Frameworks */,
				B08E99232A9E0A7A0004AF52 /* Resources */,
			);
			buildRules = (
			);
			dependencies = (
			);
			name = "Clock App";
			productName = "Clock App";
			productReference = B08E99252A9E0A7A0004AF52 /* Clock App.app */;
			productType = "com.apple.product-type.application";
		};
		B08E99342A9E0A7D0004AF52 /* Clock AppTests */ = {
			isa = PBXNativeTarget;
			buildConfigurationList = B08E994C2A9E0A7D0004AF52 /* Build configuration list for PBXNativeTarget "Clock AppTests" */;
			buildPhases = (
				B08E99312A9E0A7D0004AF52 /* Sources */,
				B08E99322A9E0A7D0004AF52 /* Frameworks */,
				B08E99332A9E0A7D0004AF52 /* Resources */,
			);
			buildRules = (
			);
			dependencies = (
				B08E99372A9E0A7D0004AF52 /* PBXTargetDependency */,
			);
			name = "Clock AppTests";
			productName = "Clock AppTests";
			productReference = B08E99352A9E0A7D0004AF52 /* Clock AppTests.xctest */;
			productType = "com.apple.product-type.bundle.unit-test";
		};
		B08E993E2A9E0A7D0004AF52 /* Clock AppUITests */ = {
			isa = PBXNativeTarget;
			buildConfigurationList = B08E994F2A9E0A7D0004AF52 /* Build configuration list for PBXNativeTarget "Clock AppUITests" */;
			buildPhases = (
				B08E993B2A9E0A7D0004AF52 /* Sources */,
				B08E993C2A9E0A7D0004AF52 /* Frameworks */,
				B08E993D2A9E0A7D0004AF52 /* Resources */,
			);
			buildRules = (
			);
			dependencies = (
				B08E99412A9E0A7D0004AF52 /* PBXTargetDependency */,
			);
			name = "Clock AppUITests";
			productName = "Clock AppUITests";
			productReference = B08E993F2A9E0A7D0004AF52 /* Clock AppUITests.xctest */;
			productType = "com.apple.product-type.bundle.ui-testing";
		};
/* End PBXNativeTarget section */

/* Begin PBXProject section */
		B08E991D2A9E0A790004AF52 /* Project object */ = {
			isa = PBXProject;
			attributes = {
				BuildIndependentTargetsInParallel = 1;
				LastSwiftUpdateCheck = 1430;
				LastUpgradeCheck = 1430;
				TargetAttributes = {
					B08E99242A9E0A7A0004AF52 = {
						CreatedOnToolsVersion = 14.3.1;
					};
					B08E99342A9E0A7D0004AF52 = {
						CreatedOnToolsVersion = 14.3.1;
						TestTargetID = B08E99242A9E0A7A0004AF52;
					};
					B08E993E2A9E0A7D0004AF52 = {
						CreatedOnToolsVersion = 14.3.1;
						TestTargetID = B08E99242A9E0A7A0004AF52;
					};
				};
			};
			buildConfigurationList = B08E99202A9E0A7A0004AF52 /* Build configuration list for PBXProject "Clock App" */;
			compatibilityVersion = "Xcode 14.0";
			developmentRegion = en;
			hasScannedForEncodings = 0;
			knownRegions = (
				en,
				Base,
			);
			mainGroup = B08E991C2A9E0A790004AF52;
			productRefGroup = B08E99262A9E0A7A0004AF52 /* Products */;
			projectDirPath = "";
			projectRoot = "";
			targets = (
				B08E99242A9E0A7A0004AF52 /* Clock App */,
				B08E99342A9E0A7D0004AF52 /* Clock AppTests */,
				B08E993E2A9E0A7D0004AF52 /* Clock AppUITests */,
			);
		};
/* End PBXProject section */

/* Begin PBXResourcesBuildPhase section */
		B08E99232A9E0A7A0004AF52 /* Resources */ = {
			isa = PBXResourcesBuildPhase;
			buildActionMask = 2147483647;
			files = (
				B08E99302A9E0A7C0004AF52 /* Preview Assets.xcassets in Resources */,
				B08E992D2A9E0A7C0004AF52 /* Assets.xcassets in Resources */,
			);
			runOnlyForDeploymentPostprocessing = 0;
		};
		B08E99332A9E0A7D0004AF52 /* Resources */ = {
			isa = PBXResourcesBuildPhase;
			buildActionMask = 2147483647;
			files = (
			);
			runOnlyForDeploymentPostprocessing = 0;
		};
		B08E993D2A9E0A7D0004AF52 /* Resources */ = {
			isa = PBXResourcesBuildPhase;
			buildActionMask = 2147483647;
			files = (
			);
			runOnlyForDeploymentPostprocessing = 0;
		};
/* End PBXResourcesBuildPhase section */

/* Begin PBXSourcesBuildPhase section */
		B08E99212A9E0A7A0004AF52 /* Sources */ = {
			isa = PBXSourcesBuildPhase;
			buildActionMask = 2147483647;
			files = (
				B07126FD2AAA101D000CFA5C /* TimerView.swift in Sources */,
				B07126FA2AA9E57B000CFA5C /* AddAlarmView.swift in Sources */,
				B08E992B2A9E0A7A0004AF52 /* StopwatchView.swift in Sources */,
				B07126F52AA9CB4A000CFA5C /* MainView.swift in Sources */,
				B07126F72AA9CE56000CFA5C /* AlarmView.swift in Sources */,
				B08E99292A9E0A7A0004AF52 /* Clock_AppApp.swift in Sources */,
			);
			runOnlyForDeploymentPostprocessing = 0;
		};
		B08E99312A9E0A7D0004AF52 /* Sources */ = {
			isa = PBXSourcesBuildPhase;
			buildActionMask = 2147483647;
			files = (
				B08E993A2A9E0A7D0004AF52 /* Clock_AppTests.swift in Sources */,
			);
			runOnlyForDeploymentPostprocessing = 0;
		};
		B08E993B2A9E0A7D0004AF52 /* Sources */ = {
			isa = PBXSourcesBuildPhase;
			buildActionMask = 2147483647;
			files = (
				B08E99442A9E0A7D0004AF52 /* Clock_AppUITests.swift in Sources */,
				B08E99462A9E0A7D0004AF52 /* Clock_AppUITestsLaunchTests.swift in Sources */,
			);
			runOnlyForDeploymentPostprocessing = 0;
		};
/* End PBXSourcesBuildPhase section */

/* Begin PBXTargetDependency section */
		B08E99372A9E0A7D0004AF52 /* PBXTargetDependency */ = {
			isa = PBXTargetDependency;
			target = B08E99242A9E0A7A0004AF52 /* Clock App */;
			targetProxy = B08E99362A9E0A7D0004AF52 /* PBXContainerItemProxy */;
		};
		B08E99412A9E0A7D0004AF52 /* PBXTargetDependency */ = {
			isa = PBXTargetDependency;
			target = B08E99242A9E0A7A0004AF52 /* Clock App */;
			targetProxy = B08E99402A9E0A7D0004AF52 /* PBXContainerItemProxy */;
		};
/* End PBXTargetDependency section */

/* Begin XCBuildConfiguration section */
		B08E99472A9E0A7D0004AF52 /* Debug */ = {
			isa = XCBuildConfiguration;
			buildSettings = {
				ALWAYS_SEARCH_USER_PATHS = NO;
				CLANG_ANALYZER_NONNULL = YES;
				CLANG_ANALYZER_NUMBER_OBJECT_CONVERSION = YES_AGGRESSIVE;
				CLANG_CXX_LANGUAGE_STANDARD = "gnu++20";
				CLANG_ENABLE_MODULES = YES;
				CLANG_ENABLE_OBJC_ARC = YES;
				CLANG_ENABLE_OBJC_WEAK = YES;
				CLANG_WARN_BLOCK_CAPTURE_AUTORELEASING = YES;
				CLANG_WARN_BOOL_CONVERSION = YES;
				CLANG_WARN_COMMA = YES;
				CLANG_WARN_CONSTANT_CONVERSION = YES;
				CLANG_WARN_DEPRECATED_OBJC_IMPLEMENTATIONS = YES;
				CLANG_WARN_DIRECT_OBJC_ISA_USAGE = YES_ERROR;
				CLANG_WARN_DOCUMENTATION_COMMENTS = YES;
				CLANG_WARN_EMPTY_BODY = YES;
				CLANG_WARN_ENUM_CONVERSION = YES;
				CLANG_WARN_INFINITE_RECURSION = YES;
				CLANG_WARN_INT_CONVERSION = YES;
				CLANG_WARN_NON_LITERAL_NULL_CONVERSION = YES;
				CLANG_WARN_OBJC_IMPLICIT_RETAIN_SELF = YES;
				CLANG_WARN_OBJC_LITERAL_CONVERSION = YES;
				CLANG_WARN_OBJC_ROOT_CLASS = YES_ERROR;
				CLANG_WARN_QUOTED_INCLUDE_IN_FRAMEWORK_HEADER = YES;
				CLANG_WARN_RANGE_LOOP_ANALYSIS = YES;
				CLANG_WARN_STRICT_PROTOTYPES = YES;
				CLANG_WARN_SUSPICIOUS_MOVE = YES;
				CLANG_WARN_UNGUARDED_AVAILABILITY = YES_AGGRESSIVE;
				CLANG_WARN_UNREACHABLE_CODE = YES;
				CLANG_WARN__DUPLICATE_METHOD_MATCH = YES;
				COPY_PHASE_STRIP = NO;
				DEBUG_INFORMATION_FORMAT = dwarf;
				ENABLE_STRICT_OBJC_MSGSEND = YES;
				ENABLE_TESTABILITY = YES;
				GCC_C_LANGUAGE_STANDARD = gnu11;
				GCC_DYNAMIC_NO_PIC = NO;
				GCC_NO_COMMON_BLOCKS = YES;
				GCC_OPTIMIZATION_LEVEL = 0;
				GCC_PREPROCESSOR_DEFINITIONS = (
					"DEBUG=1",
					"$(inherited)",
				);
				GCC_WARN_64_TO_32_BIT_CONVERSION = YES;
				GCC_WARN_ABOUT_RETURN_TYPE = YES_ERROR;
				GCC_WARN_UNDECLARED_SELECTOR = YES;
				GCC_WARN_UNINITIALIZED_AUTOS = YES_AGGRESSIVE;
				GCC_WARN_UNUSED_FUNCTION = YES;
				GCC_WARN_UNUSED_VARIABLE = YES;
				IPHONEOS_DEPLOYMENT_TARGET = 16.4;
				MTL_ENABLE_DEBUG_INFO = INCLUDE_SOURCE;
				MTL_FAST_MATH = YES;
				ONLY_ACTIVE_ARCH = YES;
				SDKROOT = iphoneos;
				SWIFT_ACTIVE_COMPILATION_CONDITIONS = DEBUG;
				SWIFT_OPTIMIZATION_LEVEL = "-Onone";
			};
			name = Debug;
		};
		B08E99482A9E0A7D0004AF52 /* Release */ = {
			isa = XCBuildConfiguration;
			buildSettings = {
				ALWAYS_SEARCH_USER_PATHS = NO;
				CLANG_ANALYZER_NONNULL = YES;
				CLANG_ANALYZER_NUMBER_OBJECT_CONVERSION = YES_AGGRESSIVE;
				CLANG_CXX_LANGUAGE_STANDARD = "gnu++20";
				CLANG_ENABLE_MODULES = YES;
				CLANG_ENABLE_OBJC_ARC = YES;
				CLANG_ENABLE_OBJC_WEAK = YES;
				CLANG_WARN_BLOCK_CAPTURE_AUTORELEASING = YES;
				CLANG_WARN_BOOL_CONVERSION = YES;
				CLANG_WARN_COMMA = YES;
				CLANG_WARN_CONSTANT_CONVERSION = YES;
				CLANG_WARN_DEPRECATED_OBJC_IMPLEMENTATIONS = YES;
				CLANG_WARN_DIRECT_OBJC_ISA_USAGE = YES_ERROR;
				CLANG_WARN_DOCUMENTATION_COMMENTS = YES;
				CLANG_WARN_EMPTY_BODY = YES;
				CLANG_WARN_ENUM_CONVERSION = YES;
				CLANG_WARN_INFINITE_RECURSION = YES;
				CLANG_WARN_INT_CONVERSION = YES;
				CLANG_WARN_NON_LITERAL_NULL_CONVERSION = YES;
				CLANG_WARN_OBJC_IMPLICIT_RETAIN_SELF = YES;
				CLANG_WARN_OBJC_LITERAL_CONVERSION = YES;
				CLANG_WARN_OBJC_ROOT_CLASS = YES_ERROR;
				CLANG_WARN_QUOTED_INCLUDE_IN_FRAMEWORK_HEADER = YES;
				CLANG_WARN_RANGE_LOOP_ANALYSIS = YES;
				CLANG_WARN_STRICT_PROTOTYPES = YES;
				CLANG_WARN_SUSPICIOUS_MOVE = YES;
				CLANG_WARN_UNGUARDED_AVAILABILITY = YES_AGGRESSIVE;
				CLANG_WARN_UNREACHABLE_CODE = YES;
				CLANG_WARN__DUPLICATE_METHOD_MATCH = YES;
				COPY_PHASE_STRIP = NO;
				DEBUG_INFORMATION_FORMAT = "dwarf-with-dsym";
				ENABLE_NS_ASSERTIONS = NO;
				ENABLE_STRICT_OBJC_MSGSEND = YES;
				GCC_C_LANGUAGE_STANDARD = gnu11;
				GCC_NO_COMMON_BLOCKS = YES;
				GCC_WARN_64_TO_32_BIT_CONVERSION = YES;
				GCC_WARN_ABOUT_RETURN_TYPE = YES_ERROR;
				GCC_WARN_UNDECLARED_SELECTOR = YES;
				GCC_WARN_UNINITIALIZED_AUTOS = YES_AGGRESSIVE;
				GCC_WARN_UNUSED_FUNCTION = YES;
				GCC_WARN_UNUSED_VARIABLE = YES;
				IPHONEOS_DEPLOYMENT_TARGET = 16.4;
				MTL_ENABLE_DEBUG_INFO = NO;
				MTL_FAST_MATH = YES;
				SDKROOT = iphoneos;
				SWIFT_COMPILATION_MODE = wholemodule;
				SWIFT_OPTIMIZATION_LEVEL = "-O";
				VALIDATE_PRODUCT = YES;
			};
			name = Release;
		};
		B08E994A2A9E0A7D0004AF52 /* Debug */ = {
			isa = XCBuildConfiguration;
			buildSettings = {
				ASSETCATALOG_COMPILER_APPICON_NAME = AppIcon;
				ASSETCATALOG_COMPILER_GLOBAL_ACCENT_COLOR_NAME = AccentColor;
				CODE_SIGN_STYLE = Automatic;
				CURRENT_PROJECT_VERSION = 1;
				DEVELOPMENT_ASSET_PATHS = "\"Clock App/Preview Content\"";
				DEVELOPMENT_TEAM = LF49R4B4F3;
				ENABLE_PREVIEWS = YES;
				GENERATE_INFOPLIST_FILE = YES;
				INFOPLIST_KEY_UIApplicationSceneManifest_Generation = YES;
				INFOPLIST_KEY_UIApplicationSupportsIndirectInputEvents = YES;
				INFOPLIST_KEY_UILaunchScreen_Generation = YES;
				INFOPLIST_KEY_UISupportedInterfaceOrientations_iPad = "UIInterfaceOrientationPortrait UIInterfaceOrientationPortraitUpsideDown UIInterfaceOrientationLandscapeLeft UIInterfaceOrientationLandscapeRight";
				INFOPLIST_KEY_UISupportedInterfaceOrientations_iPhone = "UIInterfaceOrientationPortrait UIInterfaceOrientationLandscapeLeft UIInterfaceOrientationLandscapeRight";
				LD_RUNPATH_SEARCH_PATHS = (
					"$(inherited)",
					"@executable_path/Frameworks",
				);
				MARKETING_VERSION = 1.0;
				PRODUCT_BUNDLE_IDENTIFIER = "kingOJ.Clock-App";
				PRODUCT_NAME = "$(TARGET_NAME)";
				SWIFT_EMIT_LOC_STRINGS = YES;
				SWIFT_VERSION = 5.0;
				TARGETED_DEVICE_FAMILY = "1,2";
			};
			name = Debug;
		};
		B08E994B2A9E0A7D0004AF52 /* Release */ = {
			isa = XCBuildConfiguration;
			buildSettings = {
				ASSETCATALOG_COMPILER_APPICON_NAME = AppIcon;
				ASSETCATALOG_COMPILER_GLOBAL_ACCENT_COLOR_NAME = AccentColor;
				CODE_SIGN_STYLE = Automatic;
				CURRENT_PROJECT_VERSION = 1;
				DEVELOPMENT_ASSET_PATHS = "\"Clock App/Preview Content\"";
				DEVELOPMENT_TEAM = LF49R4B4F3;
				ENABLE_PREVIEWS = YES;
				GENERATE_INFOPLIST_FILE = YES;
				INFOPLIST_KEY_UIApplicationSceneManifest_Generation = YES;
				INFOPLIST_KEY_UIApplicationSupportsIndirectInputEvents = YES;
				INFOPLIST_KEY_UILaunchScreen_Generation = YES;
				INFOPLIST_KEY_UISupportedInterfaceOrientations_iPad = "UIInterfaceOrientationPortrait UIInterfaceOrientationPortraitUpsideDown UIInterfaceOrientationLandscapeLeft UIInterfaceOrientationLandscapeRight";
				INFOPLIST_KEY_UISupportedInterfaceOrientations_iPhone = "UIInterfaceOrientationPortrait UIInterfaceOrientationLandscapeLeft UIInterfaceOrientationLandscapeRight";
				LD_RUNPATH_SEARCH_PATHS = (
					"$(inherited)",
					"@executable_path/Frameworks",
				);
				MARKETING_VERSION = 1.0;
				PRODUCT_BUNDLE_IDENTIFIER = "kingOJ.Clock-App";
				PRODUCT_NAME = "$(TARGET_NAME)";
				SWIFT_EMIT_LOC_STRINGS = YES;
				SWIFT_VERSION = 5.0;
				TARGETED_DEVICE_FAMILY = "1,2";
			};
			name = Release;
		};
		B08E994D2A9E0A7D0004AF52 /* Debug */ = {
			isa = XCBuildConfiguration;
			buildSettings = {
				ALWAYS_EMBED_SWIFT_STANDARD_LIBRARIES = YES;
				BUNDLE_LOADER = "$(TEST_HOST)";
				CODE_SIGN_STYLE = Automatic;
				CURRENT_PROJECT_VERSION = 1;
				DEVELOPMENT_TEAM = LF49R4B4F3;
				GENERATE_INFOPLIST_FILE = YES;
				IPHONEOS_DEPLOYMENT_TARGET = 16.4;
				MARKETING_VERSION = 1.0;
				PRODUCT_BUNDLE_IDENTIFIER = "kingOJ.Clock-AppTests";
				PRODUCT_NAME = "$(TARGET_NAME)";
				SWIFT_EMIT_LOC_STRINGS = NO;
				SWIFT_VERSION = 5.0;
				TARGETED_DEVICE_FAMILY = "1,2";
				TEST_HOST = "$(BUILT_PRODUCTS_DIR)/Clock App.app/$(BUNDLE_EXECUTABLE_FOLDER_PATH)/Clock App";
			};
			name = Debug;
		};
		B08E994E2A9E0A7D0004AF52 /* Release */ = {
			isa = XCBuildConfiguration;
			buildSettings = {
				ALWAYS_EMBED_SWIFT_STANDARD_LIBRARIES = YES;
				BUNDLE_LOADER = "$(TEST_HOST)";
				CODE_SIGN_STYLE = Automatic;
				CURRENT_PROJECT_VERSION = 1;
				DEVELOPMENT_TEAM = LF49R4B4F3;
				GENERATE_INFOPLIST_FILE = YES;
				IPHONEOS_DEPLOYMENT_TARGET = 16.4;
				MARKETING_VERSION = 1.0;
				PRODUCT_BUNDLE_IDENTIFIER = "kingOJ.Clock-AppTests";
				PRODUCT_NAME = "$(TARGET_NAME)";
				SWIFT_EMIT_LOC_STRINGS = NO;
				SWIFT_VERSION = 5.0;
				TARGETED_DEVICE_FAMILY = "1,2";
				TEST_HOST = "$(BUILT_PRODUCTS_DIR)/Clock App.app/$(BUNDLE_EXECUTABLE_FOLDER_PATH)/Clock App";
			};
			name = Release;
		};
		B08E99502A9E0A7D0004AF52 /* Debug */ = {
			isa = XCBuildConfiguration;
			buildSettings = {
				ALWAYS_EMBED_SWIFT_STANDARD_LIBRARIES = YES;
				CODE_SIGN_STYLE = Automatic;
				CURRENT_PROJECT_VERSION = 1;
				DEVELOPMENT_TEAM = LF49R4B4F3;
				GENERATE_INFOPLIST_FILE = YES;
				MARKETING_VERSION = 1.0;
				PRODUCT_BUNDLE_IDENTIFIER = "kingOJ.Clock-AppUITests";
				PRODUCT_NAME = "$(TARGET_NAME)";
				SWIFT_EMIT_LOC_STRINGS = NO;
				SWIFT_VERSION = 5.0;
				TARGETED_DEVICE_FAMILY = "1,2";
				TEST_TARGET_NAME = "Clock App";
			};
			name = Debug;
		};
		B08E99512A9E0A7D0004AF52 /* Release */ = {
			isa = XCBuildConfiguration;
			buildSettings = {
				ALWAYS_EMBED_SWIFT_STANDARD_LIBRARIES = YES;
				CODE_SIGN_STYLE = Automatic;
				CURRENT_PROJECT_VERSION = 1;
				DEVELOPMENT_TEAM = LF49R4B4F3;
				GENERATE_INFOPLIST_FILE = YES;
				MARKETING_VERSION = 1.0;
				PRODUCT_BUNDLE_IDENTIFIER = "kingOJ.Clock-AppUITests";
				PRODUCT_NAME = "$(TARGET_NAME)";
				SWIFT_EMIT_LOC_STRINGS = NO;
				SWIFT_VERSION = 5.0;
				TARGETED_DEVICE_FAMILY = "1,2";
				TEST_TARGET_NAME = "Clock App";
			};
			name = Release;
		};
/* End XCBuildConfiguration section */

/* Begin XCConfigurationList section */
		B08E99202A9E0A7A0004AF52 /* Build configuration list for PBXProject "Clock App" */ = {
			isa = XCConfigurationList;
			buildConfigurations = (
				B08E99472A9E0A7D0004AF52 /* Debug */,
				B08E99482A9E0A7D0004AF52 /* Release */,
			);
			defaultConfigurationIsVisible = 0;
			defaultConfigurationName = Release;
		};
		B08E99492A9E0A7D0004AF52 /* Build configuration list for PBXNativeTarget "Clock App" */ = {
			isa = XCConfigurationList;
			buildConfigurations = (
				B08E994A2A9E0A7D0004AF52 /* Debug */,
				B08E994B2A9E0A7D0004AF52 /* Release */,
			);
			defaultConfigurationIsVisible = 0;
			defaultConfigurationName = Release;
		};
		B08E994C2A9E0A7D0004AF52 /* Build configuration list for PBXNativeTarget "Clock AppTests" */ = {
			isa = XCConfigurationList;
			buildConfigurations = (
				B08E994D2A9E0A7D0004AF52 /* Debug */,
				B08E994E2A9E0A7D0004AF52 /* Release */,
			);
			defaultConfigurationIsVisible = 0;
			defaultConfigurationName = Release;
		};
		B08E994F2A9E0A7D0004AF52 /* Build configuration list for PBXNativeTarget "Clock AppUITests" */ = {
			isa = XCConfigurationList;
			buildConfigurations = (
				B08E99502A9E0A7D0004AF52 /* Debug */,
				B08E99512A9E0A7D0004AF52 /* Release */,
			);
			defaultConfigurationIsVisible = 0;
			defaultConfigurationName = Release;
		};
/* End XCConfigurationList section */
	};
	rootObject = B08E991D2A9E0A790004AF52 /* Project object */;
}
